// !$*UTF8*$!
{
	archiveVersion = 1;
	classes = {
	};
	objectVersion = 46;
	objects = {

/* Begin PBXBuildFile section */
		CE84487617B6F56100A88C91 /* HealthCalculatorTest.m in Sources */ = {isa = PBXBuildFile; fileRef = CE84487517B6F56100A88C91 /* HealthCalculatorTest.m */; };
		CE84487917B6F5DC00A88C91 /* HealthCalculator.m in Sources */ = {isa = PBXBuildFile; fileRef = CE84487817B6F5DC00A88C91 /* HealthCalculator.m */; };
		CE84487C17B6F95500A88C91 /* DataAccessor.m in Sources */ = {isa = PBXBuildFile; fileRef = CE84487B17B6F95500A88C91 /* DataAccessor.m */; };
		CE84487F17B6FB5C00A88C91 /* DataAccessorTest.m in Sources */ = {isa = PBXBuildFile; fileRef = CE84487E17B6FB5C00A88C91 /* DataAccessorTest.m */; };
		CE84488817B72CFF00A88C91 /* DummyPerson.m in Sources */ = {isa = PBXBuildFile; fileRef = CE84488717B72CFF00A88C91 /* DummyPerson.m */; };
		CE84488F17B7374300A88C91 /* DietViewController.m in Sources */ = {isa = PBXBuildFile; fileRef = CE84488D17B7374300A88C91 /* DietViewController.m */; };
		CE84489017B7374300A88C91 /* DietViewController.xib in Resources */ = {isa = PBXBuildFile; fileRef = CE84488E17B7374300A88C91 /* DietViewController.xib */; };
		CE84489217B7415A00A88C91 /* DietViewControllerTest.m in Sources */ = {isa = PBXBuildFile; fileRef = CE84489117B7415A00A88C91 /* DietViewControllerTest.m */; };
		CE84489517B7422600A88C91 /* DummyFood.m in Sources */ = {isa = PBXBuildFile; fileRef = CE84489417B7422600A88C91 /* DummyFood.m */; };
		CE84489F17B754BB00A88C91 /* MasterViewController.m in Sources */ = {isa = PBXBuildFile; fileRef = CE84489D17B754BA00A88C91 /* MasterViewController.m */; };
		CE8448A017B754BB00A88C91 /* MasterViewController.xib in Resources */ = {isa = PBXBuildFile; fileRef = CE84489E17B754BA00A88C91 /* MasterViewController.xib */; };
		CE8448AC17B76FE800A88C91 /* Food.m in Sources */ = {isa = PBXBuildFile; fileRef = CE8448AB17B76FE700A88C91 /* Food.m */; };
		CE8448AF17B7909F00A88C91 /* warning.jpeg in Resources */ = {isa = PBXBuildFile; fileRef = CE8448AD17B7909E00A88C91 /* warning.jpeg */; };
		CE8448B017B7909F00A88C91 /* red.jpeg in Resources */ = {isa = PBXBuildFile; fileRef = CE8448AE17B7909E00A88C91 /* red.jpeg */; };
		CE8448B217B7950400A88C91 /* thumbs.jpeg in Resources */ = {isa = PBXBuildFile; fileRef = CE8448B117B7950300A88C91 /* thumbs.jpeg */; };
		CEABE25717B5F5C300A62435 /* UIKit.framework in Frameworks */ = {isa = PBXBuildFile; fileRef = CEABE25617B5F5C300A62435 /* UIKit.framework */; };
		CEABE25917B5F5C300A62435 /* Foundation.framework in Frameworks */ = {isa = PBXBuildFile; fileRef = CEABE25817B5F5C300A62435 /* Foundation.framework */; };
		CEABE25B17B5F5C300A62435 /* CoreGraphics.framework in Frameworks */ = {isa = PBXBuildFile; fileRef = CEABE25A17B5F5C300A62435 /* CoreGraphics.framework */; };
		CEABE25D17B5F5C300A62435 /* CoreData.framework in Frameworks */ = {isa = PBXBuildFile; fileRef = CEABE25C17B5F5C300A62435 /* CoreData.framework */; };
		CEABE26317B5F5C300A62435 /* InfoPlist.strings in Resources */ = {isa = PBXBuildFile; fileRef = CEABE26117B5F5C300A62435 /* InfoPlist.strings */; };
		CEABE26517B5F5C300A62435 /* main.m in Sources */ = {isa = PBXBuildFile; fileRef = CEABE26417B5F5C300A62435 /* main.m */; };
		CEABE26917B5F5C300A62435 /* AppDelegate.m in Sources */ = {isa = PBXBuildFile; fileRef = CEABE26817B5F5C300A62435 /* AppDelegate.m */; };
		CEABE26B17B5F5C300A62435 /* Default.png in Resources */ = {isa = PBXBuildFile; fileRef = CEABE26A17B5F5C300A62435 /* Default.png */; };
		CEABE26D17B5F5C300A62435 /* Default@2x.png in Resources */ = {isa = PBXBuildFile; fileRef = CEABE26C17B5F5C300A62435 /* Default@2x.png */; };
		CEABE26F17B5F5C300A62435 /* Default-568h@2x.png in Resources */ = {isa = PBXBuildFile; fileRef = CEABE26E17B5F5C300A62435 /* Default-568h@2x.png */; };
		CEABE27217B5F5C300A62435 /* HealthIndicator.xcdatamodeld in Sources */ = {isa = PBXBuildFile; fileRef = CEABE27017B5F5C300A62435 /* HealthIndicator.xcdatamodeld */; };
		CEABE28617B5F5C300A62435 /* SenTestingKit.framework in Frameworks */ = {isa = PBXBuildFile; fileRef = CEABE28517B5F5C300A62435 /* SenTestingKit.framework */; };
		CEABE28717B5F5C300A62435 /* UIKit.framework in Frameworks */ = {isa = PBXBuildFile; fileRef = CEABE25617B5F5C300A62435 /* UIKit.framework */; };
		CEABE28817B5F5C300A62435 /* Foundation.framework in Frameworks */ = {isa = PBXBuildFile; fileRef = CEABE25817B5F5C300A62435 /* Foundation.framework */; };
		CEABE28917B5F5C300A62435 /* CoreData.framework in Frameworks */ = {isa = PBXBuildFile; fileRef = CEABE25C17B5F5C300A62435 /* CoreData.framework */; };
		CEABE29117B5F5C300A62435 /* InfoPlist.strings in Resources */ = {isa = PBXBuildFile; fileRef = CEABE28F17B5F5C300A62435 /* InfoPlist.strings */; };
		CEABE29F17B5F7F300A62435 /* Person.m in Sources */ = {isa = PBXBuildFile; fileRef = CEABE29E17B5F7F300A62435 /* Person.m */; };
		CEABE2A317B5F87F00A62435 /* PersonViewController.m in Sources */ = {isa = PBXBuildFile; fileRef = CEABE2A117B5F87E00A62435 /* PersonViewController.m */; };
		CEABE2A417B5F87F00A62435 /* PersonViewController.xib in Resources */ = {isa = PBXBuildFile; fileRef = CEABE2A217B5F87E00A62435 /* PersonViewController.xib */; };
		CEABE2A617B5F8C900A62435 /* OCHamcrestIOS.framework in Frameworks */ = {isa = PBXBuildFile; fileRef = CEABE2A517B5F8C900A62435 /* OCHamcrestIOS.framework */; };
		CEABE2A717B5F8CA00A62435 /* OCHamcrestIOS.framework in Frameworks */ = {isa = PBXBuildFile; fileRef = CEABE2A517B5F8C900A62435 /* OCHamcrestIOS.framework */; };
		CEABE2A917B5F8D900A62435 /* OCMockitoIOS.framework in Frameworks */ = {isa = PBXBuildFile; fileRef = CEABE2A817B5F8D900A62435 /* OCMockitoIOS.framework */; };
		CEABE2AB17B5F8F900A62435 /* PersonViewControllerTest.m in Sources */ = {isa = PBXBuildFile; fileRef = CEABE2AA17B5F8F900A62435 /* PersonViewControllerTest.m */; };
/* End PBXBuildFile section */

/* Begin PBXContainerItemProxy section */
		CEABE28A17B5F5C300A62435 /* PBXContainerItemProxy */ = {
			isa = PBXContainerItemProxy;
			containerPortal = CEABE24B17B5F5C300A62435 /* Project object */;
			proxyType = 1;
			remoteGlobalIDString = CEABE25217B5F5C300A62435;
			remoteInfo = HealthIndicator;
		};
/* End PBXContainerItemProxy section */

/* Begin PBXFileReference section */
		CE84487517B6F56100A88C91 /* HealthCalculatorTest.m */ = {isa = PBXFileReference; fileEncoding = 4; lastKnownFileType = sourcecode.c.objc; path = HealthCalculatorTest.m; sourceTree = "<group>"; };
		CE84487717B6F5DC00A88C91 /* HealthCalculator.h */ = {isa = PBXFileReference; fileEncoding = 4; lastKnownFileType = sourcecode.c.h; path = HealthCalculator.h; sourceTree = "<group>"; };
		CE84487817B6F5DC00A88C91 /* HealthCalculator.m */ = {isa = PBXFileReference; fileEncoding = 4; lastKnownFileType = sourcecode.c.objc; path = HealthCalculator.m; sourceTree = "<group>"; };
		CE84487A17B6F95500A88C91 /* DataAccessor.h */ = {isa = PBXFileReference; fileEncoding = 4; lastKnownFileType = sourcecode.c.h; path = DataAccessor.h; sourceTree = "<group>"; };
		CE84487B17B6F95500A88C91 /* DataAccessor.m */ = {isa = PBXFileReference; fileEncoding = 4; lastKnownFileType = sourcecode.c.objc; path = DataAccessor.m; sourceTree = "<group>"; };
		CE84487D17B6FA7400A88C91 /* PDataAccessor.h */ = {isa = PBXFileReference; lastKnownFileType = sourcecode.c.h; path = PDataAccessor.h; sourceTree = "<group>"; };
		CE84487E17B6FB5C00A88C91 /* DataAccessorTest.m */ = {isa = PBXFileReference; fileEncoding = 4; lastKnownFileType = sourcecode.c.objc; path = DataAccessorTest.m; sourceTree = "<group>"; };
		CE84488017B70FA000A88C91 /* PPerson.h */ = {isa = PBXFileReference; fileEncoding = 4; lastKnownFileType = sourcecode.c.h; path = PPerson.h; sourceTree = "<group>"; };
		CE84488517B7172700A88C91 /* PFood.h */ = {isa = PBXFileReference; lastKnownFileType = sourcecode.c.h; path = PFood.h; sourceTree = "<group>"; };
		CE84488617B72CFF00A88C91 /* DummyPerson.h */ = {isa = PBXFileReference; fileEncoding = 4; lastKnownFileType = sourcecode.c.h; path = DummyPerson.h; sourceTree = "<group>"; };
		CE84488717B72CFF00A88C91 /* DummyPerson.m */ = {isa = PBXFileReference; fileEncoding = 4; lastKnownFileType = sourcecode.c.objc; path = DummyPerson.m; sourceTree = "<group>"; };
		CE84488C17B7374300A88C91 /* DietViewController.h */ = {isa = PBXFileReference; fileEncoding = 4; lastKnownFileType = sourcecode.c.h; path = DietViewController.h; sourceTree = "<group>"; };
		CE84488D17B7374300A88C91 /* DietViewController.m */ = {isa = PBXFileReference; fileEncoding = 4; lastKnownFileType = sourcecode.c.objc; path = DietViewController.m; sourceTree = "<group>"; };
		CE84488E17B7374300A88C91 /* DietViewController.xib */ = {isa = PBXFileReference; fileEncoding = 4; lastKnownFileType = file.xib; path = DietViewController.xib; sourceTree = "<group>"; };
		CE84489117B7415A00A88C91 /* DietViewControllerTest.m */ = {isa = PBXFileReference; fileEncoding = 4; lastKnownFileType = sourcecode.c.objc; path = DietViewControllerTest.m; sourceTree = "<group>"; };
		CE84489317B7422600A88C91 /* DummyFood.h */ = {isa = PBXFileReference; fileEncoding = 4; lastKnownFileType = sourcecode.c.h; path = DummyFood.h; sourceTree = "<group>"; };
		CE84489417B7422600A88C91 /* DummyFood.m */ = {isa = PBXFileReference; fileEncoding = 4; lastKnownFileType = sourcecode.c.objc; path = DummyFood.m; sourceTree = "<group>"; };
		CE84489C17B754BA00A88C91 /* MasterViewController.h */ = {isa = PBXFileReference; fileEncoding = 4; lastKnownFileType = sourcecode.c.h; path = MasterViewController.h; sourceTree = "<group>"; };
		CE84489D17B754BA00A88C91 /* MasterViewController.m */ = {isa = PBXFileReference; fileEncoding = 4; lastKnownFileType = sourcecode.c.objc; path = MasterViewController.m; sourceTree = "<group>"; };
		CE84489E17B754BA00A88C91 /* MasterViewController.xib */ = {isa = PBXFileReference; fileEncoding = 4; lastKnownFileType = file.xib; path = MasterViewController.xib; sourceTree = "<group>"; };
		CE8448AA17B76FE700A88C91 /* Food.h */ = {isa = PBXFileReference; fileEncoding = 4; lastKnownFileType = sourcecode.c.h; path = Food.h; sourceTree = "<group>"; };
		CE8448AB17B76FE700A88C91 /* Food.m */ = {isa = PBXFileReference; fileEncoding = 4; lastKnownFileType = sourcecode.c.objc; path = Food.m; sourceTree = "<group>"; };
		CE8448AD17B7909E00A88C91 /* warning.jpeg */ = {isa = PBXFileReference; lastKnownFileType = image.jpeg; path = warning.jpeg; sourceTree = "<group>"; };
		CE8448AE17B7909E00A88C91 /* red.jpeg */ = {isa = PBXFileReference; lastKnownFileType = image.jpeg; path = red.jpeg; sourceTree = "<group>"; };
		CE8448B117B7950300A88C91 /* thumbs.jpeg */ = {isa = PBXFileReference; lastKnownFileType = image.jpeg; path = thumbs.jpeg; sourceTree = "<group>"; };
		CEABE25317B5F5C300A62435 /* HealthIndicator.app */ = {isa = PBXFileReference; explicitFileType = wrapper.application; includeInIndex = 0; path = HealthIndicator.app; sourceTree = BUILT_PRODUCTS_DIR; };
		CEABE25617B5F5C300A62435 /* UIKit.framework */ = {isa = PBXFileReference; lastKnownFileType = wrapper.framework; name = UIKit.framework; path = System/Library/Frameworks/UIKit.framework; sourceTree = SDKROOT; };
		CEABE25817B5F5C300A62435 /* Foundation.framework */ = {isa = PBXFileReference; lastKnownFileType = wrapper.framework; name = Foundation.framework; path = System/Library/Frameworks/Foundation.framework; sourceTree = SDKROOT; };
		CEABE25A17B5F5C300A62435 /* CoreGraphics.framework */ = {isa = PBXFileReference; lastKnownFileType = wrapper.framework; name = CoreGraphics.framework; path = System/Library/Frameworks/CoreGraphics.framework; sourceTree = SDKROOT; };
		CEABE25C17B5F5C300A62435 /* CoreData.framework */ = {isa = PBXFileReference; lastKnownFileType = wrapper.framework; name = CoreData.framework; path = System/Library/Frameworks/CoreData.framework; sourceTree = SDKROOT; };
		CEABE26017B5F5C300A62435 /* HealthIndicator-Info.plist */ = {isa = PBXFileReference; lastKnownFileType = text.plist.xml; path = "HealthIndicator-Info.plist"; sourceTree = "<group>"; };
		CEABE26217B5F5C300A62435 /* en */ = {isa = PBXFileReference; lastKnownFileType = text.plist.strings; name = en; path = en.lproj/InfoPlist.strings; sourceTree = "<group>"; };
		CEABE26417B5F5C300A62435 /* main.m */ = {isa = PBXFileReference; lastKnownFileType = sourcecode.c.objc; path = main.m; sourceTree = "<group>"; };
		CEABE26617B5F5C300A62435 /* HealthIndicator-Prefix.pch */ = {isa = PBXFileReference; lastKnownFileType = sourcecode.c.h; path = "HealthIndicator-Prefix.pch"; sourceTree = "<group>"; };
		CEABE26717B5F5C300A62435 /* AppDelegate.h */ = {isa = PBXFileReference; lastKnownFileType = sourcecode.c.h; path = AppDelegate.h; sourceTree = "<group>"; };
		CEABE26817B5F5C300A62435 /* AppDelegate.m */ = {isa = PBXFileReference; lastKnownFileType = sourcecode.c.objc; path = AppDelegate.m; sourceTree = "<group>"; };
		CEABE26A17B5F5C300A62435 /* Default.png */ = {isa = PBXFileReference; lastKnownFileType = image.png; path = Default.png; sourceTree = "<group>"; };
		CEABE26C17B5F5C300A62435 /* Default@2x.png */ = {isa = PBXFileReference; lastKnownFileType = image.png; path = "Default@2x.png"; sourceTree = "<group>"; };
		CEABE26E17B5F5C300A62435 /* Default-568h@2x.png */ = {isa = PBXFileReference; lastKnownFileType = image.png; path = "Default-568h@2x.png"; sourceTree = "<group>"; };
		CEABE27117B5F5C300A62435 /* HealthIndicator.xcdatamodel */ = {isa = PBXFileReference; lastKnownFileType = wrapper.xcdatamodel; path = HealthIndicator.xcdatamodel; sourceTree = "<group>"; };
		CEABE28417B5F5C300A62435 /* HealthIndicatorTests.octest */ = {isa = PBXFileReference; explicitFileType = wrapper.cfbundle; includeInIndex = 0; path = HealthIndicatorTests.octest; sourceTree = BUILT_PRODUCTS_DIR; };
		CEABE28517B5F5C300A62435 /* SenTestingKit.framework */ = {isa = PBXFileReference; lastKnownFileType = wrapper.framework; name = SenTestingKit.framework; path = Library/Frameworks/SenTestingKit.framework; sourceTree = DEVELOPER_DIR; };
		CEABE28E17B5F5C300A62435 /* HealthIndicatorTests-Info.plist */ = {isa = PBXFileReference; lastKnownFileType = text.plist.xml; path = "HealthIndicatorTests-Info.plist"; sourceTree = "<group>"; };
		CEABE29017B5F5C300A62435 /* en */ = {isa = PBXFileReference; lastKnownFileType = text.plist.strings; name = en; path = en.lproj/InfoPlist.strings; sourceTree = "<group>"; };
		CEABE29D17B5F7F300A62435 /* Person.h */ = {isa = PBXFileReference; fileEncoding = 4; lastKnownFileType = sourcecode.c.h; path = Person.h; sourceTree = "<group>"; };
		CEABE29E17B5F7F300A62435 /* Person.m */ = {isa = PBXFileReference; fileEncoding = 4; lastKnownFileType = sourcecode.c.objc; path = Person.m; sourceTree = "<group>"; };
		CEABE2A017B5F87E00A62435 /* PersonViewController.h */ = {isa = PBXFileReference; fileEncoding = 4; lastKnownFileType = sourcecode.c.h; path = PersonViewController.h; sourceTree = "<group>"; };
		CEABE2A117B5F87E00A62435 /* PersonViewController.m */ = {isa = PBXFileReference; fileEncoding = 4; lastKnownFileType = sourcecode.c.objc; path = PersonViewController.m; sourceTree = "<group>"; };
		CEABE2A217B5F87E00A62435 /* PersonViewController.xib */ = {isa = PBXFileReference; fileEncoding = 4; lastKnownFileType = file.xib; path = PersonViewController.xib; sourceTree = "<group>"; };
		CEABE2A517B5F8C900A62435 /* OCHamcrestIOS.framework */ = {isa = PBXFileReference; lastKnownFileType = wrapper.framework; name = OCHamcrestIOS.framework; path = "../../../../../Downloads/OCHamcrest-2.1.0/OCHamcrestIOS.framework"; sourceTree = "<group>"; };
		CEABE2A817B5F8D900A62435 /* OCMockitoIOS.framework */ = {isa = PBXFileReference; lastKnownFileType = wrapper.framework; name = OCMockitoIOS.framework; path = "../../../../../Downloads/OCMockito-0.23/OCMockitoIOS.framework"; sourceTree = "<group>"; };
		CEABE2AA17B5F8F900A62435 /* PersonViewControllerTest.m */ = {isa = PBXFileReference; fileEncoding = 4; lastKnownFileType = sourcecode.c.objc; path = PersonViewControllerTest.m; sourceTree = "<group>"; };
/* End PBXFileReference section */

/* Begin PBXFrameworksBuildPhase section */
		CEABE25017B5F5C300A62435 /* Frameworks */ = {
			isa = PBXFrameworksBuildPhase;
			buildActionMask = 2147483647;
			files = (
				CEABE25717B5F5C300A62435 /* UIKit.framework in Frameworks */,
				CEABE25917B5F5C300A62435 /* Foundation.framework in Frameworks */,
				CEABE25B17B5F5C300A62435 /* CoreGraphics.framework in Frameworks */,
				CEABE25D17B5F5C300A62435 /* CoreData.framework in Frameworks */,
				CEABE2A617B5F8C900A62435 /* OCHamcrestIOS.framework in Frameworks */,
			);
			runOnlyForDeploymentPostprocessing = 0;
		};
		CEABE28017B5F5C300A62435 /* Frameworks */ = {
			isa = PBXFrameworksBuildPhase;
			buildActionMask = 2147483647;
			files = (
				CEABE28617B5F5C300A62435 /* SenTestingKit.framework in Frameworks */,
				CEABE28717B5F5C300A62435 /* UIKit.framework in Frameworks */,
				CEABE28817B5F5C300A62435 /* Foundation.framework in Frameworks */,
				CEABE28917B5F5C300A62435 /* CoreData.framework in Frameworks */,
				CEABE2A717B5F8CA00A62435 /* OCHamcrestIOS.framework in Frameworks */,
				CEABE2A917B5F8D900A62435 /* OCMockitoIOS.framework in Frameworks */,
			);
			runOnlyForDeploymentPostprocessing = 0;
		};
/* End PBXFrameworksBuildPhase section */

/* Begin PBXGroup section */
		CE84488417B716EC00A88C91 /* Models */ = {
			isa = PBXGroup;
			children = (
				CE8448AA17B76FE700A88C91 /* Food.h */,
				CE8448AB17B76FE700A88C91 /* Food.m */,
				CE84488017B70FA000A88C91 /* PPerson.h */,
				CEABE29D17B5F7F300A62435 /* Person.h */,
				CEABE29E17B5F7F300A62435 /* Person.m */,
				CE84488517B7172700A88C91 /* PFood.h */,
			);
			name = Models;
			sourceTree = "<group>";
		};
		CE84488917B72FC900A88C91 /* ViewController */ = {
			isa = PBXGroup;
			children = (
				CEABE2A017B5F87E00A62435 /* PersonViewController.h */,
				CEABE2A117B5F87E00A62435 /* PersonViewController.m */,
				CEABE2A217B5F87E00A62435 /* PersonViewController.xib */,
				CE84488C17B7374300A88C91 /* DietViewController.h */,
				CE84488D17B7374300A88C91 /* DietViewController.m */,
				CE84488E17B7374300A88C91 /* DietViewController.xib */,
				CE84489C17B754BA00A88C91 /* MasterViewController.h */,
				CE84489D17B754BA00A88C91 /* MasterViewController.m */,
				CE84489E17B754BA00A88C91 /* MasterViewController.xib */,
			);
			name = ViewController;
			sourceTree = "<group>";
		};
		CE84488A17B72FF400A88C91 /* DataAccess */ = {
			isa = PBXGroup;
			children = (
				CE84487A17B6F95500A88C91 /* DataAccessor.h */,
				CE84487B17B6F95500A88C91 /* DataAccessor.m */,
				CE84487D17B6FA7400A88C91 /* PDataAccessor.h */,
			);
			name = DataAccess;
			sourceTree = "<group>";
		};
		CE84488B17B7300800A88C91 /* BusinessLogic */ = {
			isa = PBXGroup;
			children = (
				CE84487717B6F5DC00A88C91 /* HealthCalculator.h */,
				CE84487817B6F5DC00A88C91 /* HealthCalculator.m */,
			);
			name = BusinessLogic;
			sourceTree = "<group>";
		};
		CEABE24A17B5F5C300A62435 = {
			isa = PBXGroup;
			children = (
				CEABE25E17B5F5C300A62435 /* HealthIndicator */,
				CEABE28C17B5F5C300A62435 /* HealthIndicatorTests */,
				CEABE25517B5F5C300A62435 /* Frameworks */,
				CEABE25417B5F5C300A62435 /* Products */,
			);
			sourceTree = "<group>";
		};
		CEABE25417B5F5C300A62435 /* Products */ = {
			isa = PBXGroup;
			children = (
				CEABE25317B5F5C300A62435 /* HealthIndicator.app */,
				CEABE28417B5F5C300A62435 /* HealthIndicatorTests.octest */,
			);
			name = Products;
			sourceTree = "<group>";
		};
		CEABE25517B5F5C300A62435 /* Frameworks */ = {
			isa = PBXGroup;
			children = (
				CEABE2A817B5F8D900A62435 /* OCMockitoIOS.framework */,
				CEABE2A517B5F8C900A62435 /* OCHamcrestIOS.framework */,
				CEABE25617B5F5C300A62435 /* UIKit.framework */,
				CEABE25817B5F5C300A62435 /* Foundation.framework */,
				CEABE25A17B5F5C300A62435 /* CoreGraphics.framework */,
				CEABE25C17B5F5C300A62435 /* CoreData.framework */,
				CEABE28517B5F5C300A62435 /* SenTestingKit.framework */,
			);
			name = Frameworks;
			sourceTree = "<group>";
		};
		CEABE25E17B5F5C300A62435 /* HealthIndicator */ = {
			isa = PBXGroup;
			children = (
				CE84488B17B7300800A88C91 /* BusinessLogic */,
				CE84488A17B72FF400A88C91 /* DataAccess */,
				CE84488917B72FC900A88C91 /* ViewController */,
				CE84488417B716EC00A88C91 /* Models */,
				CEABE26717B5F5C300A62435 /* AppDelegate.h */,
				CEABE26817B5F5C300A62435 /* AppDelegate.m */,
				CEABE27017B5F5C300A62435 /* HealthIndicator.xcdatamodeld */,
				CEABE25F17B5F5C300A62435 /* Supporting Files */,
			);
			path = HealthIndicator;
			sourceTree = "<group>";
		};
		CEABE25F17B5F5C300A62435 /* Supporting Files */ = {
			isa = PBXGroup;
			children = (
				CE8448AD17B7909E00A88C91 /* warning.jpeg */,
				CE8448AE17B7909E00A88C91 /* red.jpeg */,
				CE8448B117B7950300A88C91 /* thumbs.jpeg */,
				CEABE26017B5F5C300A62435 /* HealthIndicator-Info.plist */,
				CEABE26117B5F5C300A62435 /* InfoPlist.strings */,
				CEABE26417B5F5C300A62435 /* main.m */,
				CEABE26617B5F5C300A62435 /* HealthIndicator-Prefix.pch */,
				CEABE26A17B5F5C300A62435 /* Default.png */,
				CEABE26C17B5F5C300A62435 /* Default@2x.png */,
				CEABE26E17B5F5C300A62435 /* Default-568h@2x.png */,
			);
			name = "Supporting Files";
			sourceTree = "<group>";
		};
		CEABE28C17B5F5C300A62435 /* HealthIndicatorTests */ = {
			isa = PBXGroup;
			children = (
				CEABE28D17B5F5C300A62435 /* Supporting Files */,
				CEABE2AA17B5F8F900A62435 /* PersonViewControllerTest.m */,
				CE84489117B7415A00A88C91 /* DietViewControllerTest.m */,
				CE84487517B6F56100A88C91 /* HealthCalculatorTest.m */,
				CE84487E17B6FB5C00A88C91 /* DataAccessorTest.m */,
				CE84488617B72CFF00A88C91 /* DummyPerson.h */,
				CE84488717B72CFF00A88C91 /* DummyPerson.m */,
				CE84489317B7422600A88C91 /* DummyFood.h */,
				CE84489417B7422600A88C91 /* DummyFood.m */,
			);
			path = HealthIndicatorTests;
			sourceTree = "<group>";
		};
		CEABE28D17B5F5C300A62435 /* Supporting Files */ = {
			isa = PBXGroup;
			children = (
				CEABE28E17B5F5C300A62435 /* HealthIndicatorTests-Info.plist */,
				CEABE28F17B5F5C300A62435 /* InfoPlist.strings */,
			);
			name = "Supporting Files";
			sourceTree = "<group>";
		};
/* End PBXGroup section */

/* Begin PBXNativeTarget section */
		CEABE25217B5F5C300A62435 /* HealthIndicator */ = {
			isa = PBXNativeTarget;
			buildConfigurationList = CEABE29717B5F5C300A62435 /* Build configuration list for PBXNativeTarget "HealthIndicator" */;
			buildPhases = (
				CEABE24F17B5F5C300A62435 /* Sources */,
				CEABE25017B5F5C300A62435 /* Frameworks */,
				CEABE25117B5F5C300A62435 /* Resources */,
			);
			buildRules = (
			);
			dependencies = (
			);
			name = HealthIndicator;
			productName = HealthIndicator;
			productReference = CEABE25317B5F5C300A62435 /* HealthIndicator.app */;
			productType = "com.apple.product-type.application";
		};
		CEABE28317B5F5C300A62435 /* HealthIndicatorTests */ = {
			isa = PBXNativeTarget;
			buildConfigurationList = CEABE29A17B5F5C300A62435 /* Build configuration list for PBXNativeTarget "HealthIndicatorTests" */;
			buildPhases = (
				CEABE27F17B5F5C300A62435 /* Sources */,
				CEABE28017B5F5C300A62435 /* Frameworks */,
				CEABE28117B5F5C300A62435 /* Resources */,
				CEABE28217B5F5C300A62435 /* ShellScript */,
			);
			buildRules = (
			);
			dependencies = (
				CEABE28B17B5F5C300A62435 /* PBXTargetDependency */,
			);
			name = HealthIndicatorTests;
			productName = HealthIndicatorTests;
			productReference = CEABE28417B5F5C300A62435 /* HealthIndicatorTests.octest */;
			productType = "com.apple.product-type.bundle";
		};
/* End PBXNativeTarget section */

/* Begin PBXProject section */
		CEABE24B17B5F5C300A62435 /* Project object */ = {
			isa = PBXProject;
			attributes = {
				LastUpgradeCheck = 0460;
				ORGANIZATIONNAME = "harry gao";
			};
			buildConfigurationList = CEABE24E17B5F5C300A62435 /* Build configuration list for PBXProject "HealthIndicator" */;
			compatibilityVersion = "Xcode 3.2";
			developmentRegion = English;
			hasScannedForEncodings = 0;
			knownRegions = (
				en,
			);
			mainGroup = CEABE24A17B5F5C300A62435;
			productRefGroup = CEABE25417B5F5C300A62435 /* Products */;
			projectDirPath = "";
			projectRoot = "";
			targets = (
				CEABE25217B5F5C300A62435 /* HealthIndicator */,
				CEABE28317B5F5C300A62435 /* HealthIndicatorTests */,
			);
		};
/* End PBXProject section */

/* Begin PBXResourcesBuildPhase section */
		CEABE25117B5F5C300A62435 /* Resources */ = {
			isa = PBXResourcesBuildPhase;
			buildActionMask = 2147483647;
			files = (
				CEABE26317B5F5C300A62435 /* InfoPlist.strings in Resources */,
				CEABE26B17B5F5C300A62435 /* Default.png in Resources */,
				CEABE26D17B5F5C300A62435 /* Default@2x.png in Resources */,
				CEABE26F17B5F5C300A62435 /* Default-568h@2x.png in Resources */,
				CEABE2A417B5F87F00A62435 /* PersonViewController.xib in Resources */,
				CE84489017B7374300A88C91 /* DietViewController.xib in Resources */,
				CE8448A017B754BB00A88C91 /* MasterViewController.xib in Resources */,
				CE8448AF17B7909F00A88C91 /* warning.jpeg in Resources */,
				CE8448B017B7909F00A88C91 /* red.jpeg in Resources */,
				CE8448B217B7950400A88C91 /* thumbs.jpeg in Resources */,
			);
			runOnlyForDeploymentPostprocessing = 0;
		};
		CEABE28117B5F5C300A62435 /* Resources */ = {
			isa = PBXResourcesBuildPhase;
			buildActionMask = 2147483647;
			files = (
				CEABE29117B5F5C300A62435 /* InfoPlist.strings in Resources */,
			);
			runOnlyForDeploymentPostprocessing = 0;
		};
/* End PBXResourcesBuildPhase section */

/* Begin PBXShellScriptBuildPhase section */
		CEABE28217B5F5C300A62435 /* ShellScript */ = {
			isa = PBXShellScriptBuildPhase;
			buildActionMask = 2147483647;
			files = (
			);
			inputPaths = (
			);
			outputPaths = (
			);
			runOnlyForDeploymentPostprocessing = 0;
			shellPath = /bin/sh;
			shellScript = "# Run the unit tests in this test bundle.\n\"${SYSTEM_DEVELOPER_DIR}/Tools/RunUnitTests\"\n";
		};
/* End PBXShellScriptBuildPhase section */

/* Begin PBXSourcesBuildPhase section */
		CEABE24F17B5F5C300A62435 /* Sources */ = {
			isa = PBXSourcesBuildPhase;
			buildActionMask = 2147483647;
			files = (
				CEABE26517B5F5C300A62435 /* main.m in Sources */,
				CEABE26917B5F5C300A62435 /* AppDelegate.m in Sources */,
				CEABE27217B5F5C300A62435 /* HealthIndicator.xcdatamodeld in Sources */,
				CEABE29F17B5F7F300A62435 /* Person.m in Sources */,
				CEABE2A317B5F87F00A62435 /* PersonViewController.m in Sources */,
				CE84487917B6F5DC00A88C91 /* HealthCalculator.m in Sources */,
				CE84487C17B6F95500A88C91 /* DataAccessor.m in Sources */,
				CE84488F17B7374300A88C91 /* DietViewController.m in Sources */,
				CE84489F17B754BB00A88C91 /* MasterViewController.m in Sources */,
				CE8448AC17B76FE800A88C91 /* Food.m in Sources */,
			);
			runOnlyForDeploymentPostprocessing = 0;
		};
		CEABE27F17B5F5C300A62435 /* Sources */ = {
			isa = PBXSourcesBuildPhase;
			buildActionMask = 2147483647;
			files = (
				CEABE2AB17B5F8F900A62435 /* PersonViewControllerTest.m in Sources */,
				CE84487617B6F56100A88C91 /* HealthCalculatorTest.m in Sources */,
				CE84487F17B6FB5C00A88C91 /* DataAccessorTest.m in Sources */,
				CE84488817B72CFF00A88C91 /* DummyPerson.m in Sources */,
				CE84489217B7415A00A88C91 /* DietViewControllerTest.m in Sources */,
				CE84489517B7422600A88C91 /* DummyFood.m in Sources */,
			);
			runOnlyForDeploymentPostprocessing = 0;
		};
/* End PBXSourcesBuildPhase section */

/* Begin PBXTargetDependency section */
		CEABE28B17B5F5C300A62435 /* PBXTargetDependency */ = {
			isa = PBXTargetDependency;
			target = CEABE25217B5F5C300A62435 /* HealthIndicator */;
			targetProxy = CEABE28A17B5F5C300A62435 /* PBXContainerItemProxy */;
		};
/* End PBXTargetDependency section */

/* Begin PBXVariantGroup section */
		CEABE26117B5F5C300A62435 /* InfoPlist.strings */ = {
			isa = PBXVariantGroup;
			children = (
				CEABE26217B5F5C300A62435 /* en */,
			);
			name = InfoPlist.strings;
			sourceTree = "<group>";
		};
		CEABE28F17B5F5C300A62435 /* InfoPlist.strings */ = {
			isa = PBXVariantGroup;
			children = (
				CEABE29017B5F5C300A62435 /* en */,
			);
			name = InfoPlist.strings;
			sourceTree = "<group>";
		};
/* End PBXVariantGroup section */

/* Begin XCBuildConfiguration section */
		CEABE29517B5F5C300A62435 /* Debug */ = {
			isa = XCBuildConfiguration;
			buildSettings = {
				ALWAYS_SEARCH_USER_PATHS = NO;
				CLANG_CXX_LANGUAGE_STANDARD = "gnu++0x";
				CLANG_CXX_LIBRARY = "libc++";
				CLANG_ENABLE_OBJC_ARC = YES;
				CLANG_WARN_CONSTANT_CONVERSION = YES;
				CLANG_WARN_EMPTY_BODY = YES;
				CLANG_WARN_ENUM_CONVERSION = YES;
				CLANG_WARN_INT_CONVERSION = YES;
				CLANG_WARN__DUPLICATE_METHOD_MATCH = YES;
				"CODE_SIGN_IDENTITY[sdk=iphoneos*]" = "iPhone Developer";
				COPY_PHASE_STRIP = NO;
				GCC_C_LANGUAGE_STANDARD = gnu99;
				GCC_DYNAMIC_NO_PIC = NO;
				GCC_OPTIMIZATION_LEVEL = 0;
				GCC_PREPROCESSOR_DEFINITIONS = (
					"DEBUG=1",
					"$(inherited)",
				);
				GCC_SYMBOLS_PRIVATE_EXTERN = NO;
				GCC_WARN_ABOUT_RETURN_TYPE = YES;
				GCC_WARN_UNINITIALIZED_AUTOS = YES;
				GCC_WARN_UNUSED_VARIABLE = YES;
				IPHONEOS_DEPLOYMENT_TARGET = 6.1;
				ONLY_ACTIVE_ARCH = YES;
				SDKROOT = iphoneos;
			};
			name = Debug;
		};
		CEABE29617B5F5C300A62435 /* Release */ = {
			isa = XCBuildConfiguration;
			buildSettings = {
				ALWAYS_SEARCH_USER_PATHS = NO;
				CLANG_CXX_LANGUAGE_STANDARD = "gnu++0x";
				CLANG_CXX_LIBRARY = "libc++";
				CLANG_ENABLE_OBJC_ARC = YES;
				CLANG_WARN_CONSTANT_CONVERSION = YES;
				CLANG_WARN_EMPTY_BODY = YES;
				CLANG_WARN_ENUM_CONVERSION = YES;
				CLANG_WARN_INT_CONVERSION = YES;
				CLANG_WARN__DUPLICATE_METHOD_MATCH = YES;
				"CODE_SIGN_IDENTITY[sdk=iphoneos*]" = "iPhone Developer";
				COPY_PHASE_STRIP = YES;
				GCC_C_LANGUAGE_STANDARD = gnu99;
				GCC_WARN_ABOUT_RETURN_TYPE = YES;
				GCC_WARN_UNINITIALIZED_AUTOS = YES;
				GCC_WARN_UNUSED_VARIABLE = YES;
				IPHONEOS_DEPLOYMENT_TARGET = 6.1;
				OTHER_CFLAGS = "-DNS_BLOCK_ASSERTIONS=1";
				SDKROOT = iphoneos;
				VALIDATE_PRODUCT = YES;
			};
			name = Release;
		};
		CEABE29817B5F5C300A62435 /* Debug */ = {
			isa = XCBuildConfiguration;
			buildSettings = {
				FRAMEWORK_SEARCH_PATHS = (
					"$(inherited)",
					"\"$(SRCROOT)/../../../../../Downloads/OCHamcrest-2.1.0\"",
				);
				GCC_PRECOMPILE_PREFIX_HEADER = YES;
				GCC_PREFIX_HEADER = "HealthIndicator/HealthIndicator-Prefix.pch";
				INFOPLIST_FILE = "HealthIndicator/HealthIndicator-Info.plist";
				PRODUCT_NAME = "$(TARGET_NAME)";
				WRAPPER_EXTENSION = app;
			};
			name = Debug;
		};
		CEABE29917B5F5C300A62435 /* Release */ = {
			isa = XCBuildConfiguration;
			buildSettings = {
				FRAMEWORK_SEARCH_PATHS = (
					"$(inherited)",
					"\"$(SRCROOT)/../../../../../Downloads/OCHamcrest-2.1.0\"",
				);
				GCC_PRECOMPILE_PREFIX_HEADER = YES;
				GCC_PREFIX_HEADER = "HealthIndicator/HealthIndicator-Prefix.pch";
				INFOPLIST_FILE = "HealthIndicator/HealthIndicator-Info.plist";
				PRODUCT_NAME = "$(TARGET_NAME)";
				WRAPPER_EXTENSION = app;
			};
			name = Release;
		};
		CEABE29B17B5F5C300A62435 /* Debug */ = {
			isa = XCBuildConfiguration;
			buildSettings = {
				BUNDLE_LOADER = "$(BUILT_PRODUCTS_DIR)/HealthIndicator.app/HealthIndicator";
				FRAMEWORK_SEARCH_PATHS = (
					"\"$(SDKROOT)/Developer/Library/Frameworks\"",
					"\"$(DEVELOPER_LIBRARY_DIR)/Frameworks\"",
					"\"$(SRCROOT)/../../../../../Downloads/OCHamcrest-2.1.0\"",
					"\"$(SRCROOT)/../../../../../Downloads/OCMockito-0.23\"",
				);
				GCC_PRECOMPILE_PREFIX_HEADER = YES;
				GCC_PREFIX_HEADER = "HealthIndicator/HealthIndicator-Prefix.pch";
				INFOPLIST_FILE = "HealthIndicatorTests/HealthIndicatorTests-Info.plist";
				PRODUCT_NAME = "$(TARGET_NAME)";
				TEST_HOST = "$(BUNDLE_LOADER)";
				WRAPPER_EXTENSION = octest;
			};
			name = Debug;
		};
		CEABE29C17B5F5C300A62435 /* Release */ = {
			isa = XCBuildConfiguration;
			buildSettings = {
				BUNDLE_LOADER = "$(BUILT_PRODUCTS_DIR)/HealthIndicator.app/HealthIndicator";
				FRAMEWORK_SEARCH_PATHS = (
					"\"$(SDKROOT)/Developer/Library/Frameworks\"",
					"\"$(DEVELOPER_LIBRARY_DIR)/Frameworks\"",
					"\"$(SRCROOT)/../../../../../Downloads/OCHamcrest-2.1.0\"",
					"\"$(SRCROOT)/../../../../../Downloads/OCMockito-0.23\"",
				);
				GCC_PRECOMPILE_PREFIX_HEADER = YES;
				GCC_PREFIX_HEADER = "HealthIndicator/HealthIndicator-Prefix.pch";
				INFOPLIST_FILE = "HealthIndicatorTests/HealthIndicatorTests-Info.plist";
				PRODUCT_NAME = "$(TARGET_NAME)";
				TEST_HOST = "$(BUNDLE_LOADER)";
				WRAPPER_EXTENSION = octest;
			};
			name = Release;
		};
/* End XCBuildConfiguration section */

/* Begin XCConfigurationList section */
		CEABE24E17B5F5C300A62435 /* Build configuration list for PBXProject "HealthIndicator" */ = {
			isa = XCConfigurationList;
			buildConfigurations = (
				CEABE29517B5F5C300A62435 /* Debug */,
				CEABE29617B5F5C300A62435 /* Release */,
			);
			defaultConfigurationIsVisible = 0;
			defaultConfigurationName = Release;
		};
		CEABE29717B5F5C300A62435 /* Build configuration list for PBXNativeTarget "HealthIndicator" */ = {
			isa = XCConfigurationList;
			buildConfigurations = (
				CEABE29817B5F5C300A62435 /* Debug */,
				CEABE29917B5F5C300A62435 /* Release */,
			);
			defaultConfigurationIsVisible = 0;
			defaultConfigurationName = Release;
		};
		CEABE29A17B5F5C300A62435 /* Build configuration list for PBXNativeTarget "HealthIndicatorTests" */ = {
			isa = XCConfigurationList;
			buildConfigurations = (
				CEABE29B17B5F5C300A62435 /* Debug */,
				CEABE29C17B5F5C300A62435 /* Release */,
			);
			defaultConfigurationIsVisible = 0;
			defaultConfigurationName = Release;
		};
/* End XCConfigurationList section */

/* Begin XCVersionGroup section */
		CEABE27017B5F5C300A62435 /* HealthIndicator.xcdatamodeld */ = {
			isa = XCVersionGroup;
			children = (
				CEABE27117B5F5C300A62435 /* HealthIndicator.xcdatamodel */,
			);
			currentVersion = CEABE27117B5F5C300A62435 /* HealthIndicator.xcdatamodel */;
			path = HealthIndicator.xcdatamodeld;
			sourceTree = "<group>";
			versionGroupType = wrapper.xcdatamodel;
		};
/* End XCVersionGroup section */
	};
	rootObject = CEABE24B17B5F5C300A62435 /* Project object */;
}
